// !$*UTF8*$!
{
	archiveVersion = 1;
	classes = {
	};
	objectVersion = 48;
	objects = {

/* Begin PBXBuildFile section */
		8C1556931EEDB21E000A12B3 /* CoreData.m in Sources */ = {isa = PBXBuildFile; fileRef = 8C1556921EEDB21E000A12B3 /* CoreData.m */; };
		8C1556991EEDB399000A12B3 /* TasksDataManager.m in Sources */ = {isa = PBXBuildFile; fileRef = 8C1556971EEDB399000A12B3 /* TasksDataManager.m */; };
		8C1556A51EEDB495000A12B3 /* AddTaskViewController.m in Sources */ = {isa = PBXBuildFile; fileRef = 8C15569E1EEDB495000A12B3 /* AddTaskViewController.m */; };
		8C1556A61EEDB495000A12B3 /* TasksViewController.m in Sources */ = {isa = PBXBuildFile; fileRef = 8C1556A01EEDB495000A12B3 /* TasksViewController.m */; };
		8C1556A71EEDB495000A12B3 /* TimerViewController.m in Sources */ = {isa = PBXBuildFile; fileRef = 8C1556A21EEDB495000A12B3 /* TimerViewController.m */; };
		8C1556A81EEDB495000A12B3 /* ViewController.m in Sources */ = {isa = PBXBuildFile; fileRef = 8C1556A41EEDB495000A12B3 /* ViewController.m */; };
		8C363AF61EB3510F007729F8 /* main.m in Sources */ = {isa = PBXBuildFile; fileRef = 8C363AF51EB3510F007729F8 /* main.m */; };
		8C363AF91EB3510F007729F8 /* AppDelegate.m in Sources */ = {isa = PBXBuildFile; fileRef = 8C363AF81EB3510F007729F8 /* AppDelegate.m */; };
		8C363AFF1EB3510F007729F8 /* Main.storyboard in Resources */ = {isa = PBXBuildFile; fileRef = 8C363AFD1EB3510F007729F8 /* Main.storyboard */; };
		8C363B021EB3510F007729F8 /* PomodoroTech.xcdatamodeld in Sources */ = {isa = PBXBuildFile; fileRef = 8C363B001EB3510F007729F8 /* PomodoroTech.xcdatamodeld */; };
		8C363B041EB3510F007729F8 /* Assets.xcassets in Resources */ = {isa = PBXBuildFile; fileRef = 8C363B031EB3510F007729F8 /* Assets.xcassets */; };
		8C363B071EB3510F007729F8 /* LaunchScreen.storyboard in Resources */ = {isa = PBXBuildFile; fileRef = 8C363B051EB3510F007729F8 /* LaunchScreen.storyboard */; };
		8C363B871EB7AE8B007729F8 /* CoreData.framework in Frameworks */ = {isa = PBXBuildFile; fileRef = 8C363B1A1EB68640007729F8 /* CoreData.framework */; settings = {ATTRIBUTES = (Required, ); }; };
		8C448D531EEDCBC70034E2B5 /* Loader.m in Sources */ = {isa = PBXBuildFile; fileRef = 8C448D521EEDCBC70034E2B5 /* Loader.m */; };
		8CA751851EEDCFE4002D6EFD /* TasksViewCell.m in Sources */ = {isa = PBXBuildFile; fileRef = 8CA751841EEDCFE4002D6EFD /* TasksViewCell.m */; };
		8CA751881EEDCFF7002D6EFD /* HTTPCommunication.m in Sources */ = {isa = PBXBuildFile; fileRef = 8CA751871EEDCFF7002D6EFD /* HTTPCommunication.m */; };
		8CCB573B1ECB17CE00B06FA9 /* UserNotifications.framework in Frameworks */ = {isa = PBXBuildFile; fileRef = 8CCB573A1ECB17CE00B06FA9 /* UserNotifications.framework */; };
		8CFC03B21EF15D7B00663999 /* Coordinator.m in Sources */ = {isa = PBXBuildFile; fileRef = 8CFC03B11EF15D7B00663999 /* Coordinator.m */; };
/* End PBXBuildFile section */

/* Begin PBXFileReference section */
		8C1556911EEDB21E000A12B3 /* CoreData.h */ = {isa = PBXFileReference; fileEncoding = 4; lastKnownFileType = sourcecode.c.h; name = CoreData.h; path = Model/CoreData.h; sourceTree = "<group>"; };
		8C1556921EEDB21E000A12B3 /* CoreData.m */ = {isa = PBXFileReference; fileEncoding = 4; lastKnownFileType = sourcecode.c.objc; name = CoreData.m; path = Model/CoreData.m; sourceTree = "<group>"; };
		8C1556961EEDB399000A12B3 /* TasksDataManager.h */ = {isa = PBXFileReference; fileEncoding = 4; lastKnownFileType = sourcecode.c.h; name = TasksDataManager.h; path = Model/TasksDataManager.h; sourceTree = "<group>"; };
		8C1556971EEDB399000A12B3 /* TasksDataManager.m */ = {isa = PBXFileReference; fileEncoding = 4; lastKnownFileType = sourcecode.c.objc; name = TasksDataManager.m; path = Model/TasksDataManager.m; sourceTree = "<group>"; };
		8C15569D1EEDB495000A12B3 /* AddTaskViewController.h */ = {isa = PBXFileReference; fileEncoding = 4; lastKnownFileType = sourcecode.c.h; name = AddTaskViewController.h; path = Controller/AddTaskViewController.h; sourceTree = "<group>"; };
		8C15569E1EEDB495000A12B3 /* AddTaskViewController.m */ = {isa = PBXFileReference; fileEncoding = 4; lastKnownFileType = sourcecode.c.objc; name = AddTaskViewController.m; path = Controller/AddTaskViewController.m; sourceTree = "<group>"; };
		8C15569F1EEDB495000A12B3 /* TasksViewController.h */ = {isa = PBXFileReference; fileEncoding = 4; lastKnownFileType = sourcecode.c.h; name = TasksViewController.h; path = Controller/TasksViewController.h; sourceTree = "<group>"; };
		8C1556A01EEDB495000A12B3 /* TasksViewController.m */ = {isa = PBXFileReference; fileEncoding = 4; lastKnownFileType = sourcecode.c.objc; name = TasksViewController.m; path = Controller/TasksViewController.m; sourceTree = "<group>"; };
		8C1556A11EEDB495000A12B3 /* TimerViewController.h */ = {isa = PBXFileReference; fileEncoding = 4; lastKnownFileType = sourcecode.c.h; name = TimerViewController.h; path = Controller/TimerViewController.h; sourceTree = "<group>"; };
		8C1556A21EEDB495000A12B3 /* TimerViewController.m */ = {isa = PBXFileReference; fileEncoding = 4; lastKnownFileType = sourcecode.c.objc; name = TimerViewController.m; path = Controller/TimerViewController.m; sourceTree = "<group>"; };
		8C1556A31EEDB495000A12B3 /* ViewController.h */ = {isa = PBXFileReference; fileEncoding = 4; lastKnownFileType = sourcecode.c.h; name = ViewController.h; path = Controller/ViewController.h; sourceTree = "<group>"; };
		8C1556A41EEDB495000A12B3 /* ViewController.m */ = {isa = PBXFileReference; fileEncoding = 4; lastKnownFileType = sourcecode.c.objc; name = ViewController.m; path = Controller/ViewController.m; sourceTree = "<group>"; };
		8C363AF11EB3510F007729F8 /* PomodoroTech.app */ = {isa = PBXFileReference; explicitFileType = wrapper.application; includeInIndex = 0; path = PomodoroTech.app; sourceTree = BUILT_PRODUCTS_DIR; };
		8C363AF51EB3510F007729F8 /* main.m */ = {isa = PBXFileReference; lastKnownFileType = sourcecode.c.objc; path = main.m; sourceTree = "<group>"; };
		8C363AF71EB3510F007729F8 /* AppDelegate.h */ = {isa = PBXFileReference; lastKnownFileType = sourcecode.c.h; path = AppDelegate.h; sourceTree = "<group>"; };
		8C363AF81EB3510F007729F8 /* AppDelegate.m */ = {isa = PBXFileReference; lastKnownFileType = sourcecode.c.objc; path = AppDelegate.m; sourceTree = "<group>"; };
		8C363AFE1EB3510F007729F8 /* Base */ = {isa = PBXFileReference; lastKnownFileType = file.storyboard; name = Base; path = Base.lproj/Main.storyboard; sourceTree = "<group>"; };
		8C363B011EB3510F007729F8 /* PomodoroTech.xcdatamodel */ = {isa = PBXFileReference; lastKnownFileType = wrapper.xcdatamodel; path = PomodoroTech.xcdatamodel; sourceTree = "<group>"; };
		8C363B031EB3510F007729F8 /* Assets.xcassets */ = {isa = PBXFileReference; lastKnownFileType = folder.assetcatalog; path = Assets.xcassets; sourceTree = "<group>"; };
		8C363B061EB3510F007729F8 /* Base */ = {isa = PBXFileReference; lastKnownFileType = file.storyboard; name = Base; path = Base.lproj/LaunchScreen.storyboard; sourceTree = "<group>"; };
		8C363B081EB3510F007729F8 /* Info.plist */ = {isa = PBXFileReference; lastKnownFileType = text.plist.xml; path = Info.plist; sourceTree = "<group>"; };
		8C363B1A1EB68640007729F8 /* CoreData.framework */ = {isa = PBXFileReference; lastKnownFileType = wrapper.framework; name = CoreData.framework; path = System/Library/Frameworks/CoreData.framework; sourceTree = SDKROOT; };
		8C448D511EEDCBC70034E2B5 /* Loader.h */ = {isa = PBXFileReference; fileEncoding = 4; lastKnownFileType = sourcecode.c.h; name = Loader.h; path = Model/Loader.h; sourceTree = "<group>"; };
		8C448D521EEDCBC70034E2B5 /* Loader.m */ = {isa = PBXFileReference; fileEncoding = 4; lastKnownFileType = sourcecode.c.objc; name = Loader.m; path = Model/Loader.m; sourceTree = "<group>"; };
		8C641F601EFAA83700876B68 /* TasksDMDelegate.h */ = {isa = PBXFileReference; fileEncoding = 4; lastKnownFileType = sourcecode.c.h; name = TasksDMDelegate.h; path = Protocol/TasksDMDelegate.h; sourceTree = "<group>"; };
		8CA751831EEDCFE4002D6EFD /* TasksViewCell.h */ = {isa = PBXFileReference; fileEncoding = 4; lastKnownFileType = sourcecode.c.h; name = TasksViewCell.h; path = View/TasksViewCell.h; sourceTree = "<group>"; };
		8CA751841EEDCFE4002D6EFD /* TasksViewCell.m */ = {isa = PBXFileReference; fileEncoding = 4; lastKnownFileType = sourcecode.c.objc; name = TasksViewCell.m; path = View/TasksViewCell.m; sourceTree = "<group>"; };
		8CA751861EEDCFF7002D6EFD /* HTTPCommunication.h */ = {isa = PBXFileReference; fileEncoding = 4; lastKnownFileType = sourcecode.c.h; name = HTTPCommunication.h; path = Model/HTTPCommunication.h; sourceTree = "<group>"; };
		8CA751871EEDCFF7002D6EFD /* HTTPCommunication.m */ = {isa = PBXFileReference; fileEncoding = 4; lastKnownFileType = sourcecode.c.objc; name = HTTPCommunication.m; path = Model/HTTPCommunication.m; sourceTree = "<group>"; };
		8CCB573A1ECB17CE00B06FA9 /* UserNotifications.framework */ = {isa = PBXFileReference; lastKnownFileType = wrapper.framework; name = UserNotifications.framework; path = System/Library/Frameworks/UserNotifications.framework; sourceTree = SDKROOT; };
		8CFC03B01EF15D7B00663999 /* Coordinator.h */ = {isa = PBXFileReference; fileEncoding = 4; lastKnownFileType = sourcecode.c.h; name = Coordinator.h; path = Model/Coordinator.h; sourceTree = "<group>"; };
		8CFC03B11EF15D7B00663999 /* Coordinator.m */ = {isa = PBXFileReference; fileEncoding = 4; lastKnownFileType = sourcecode.c.objc; name = Coordinator.m; path = Model/Coordinator.m; sourceTree = "<group>"; };
/* End PBXFileReference section */

/* Begin PBXFrameworksBuildPhase section */
		8C363AEE1EB3510F007729F8 /* Frameworks */ = {
			isa = PBXFrameworksBuildPhase;
			buildActionMask = 2147483647;
			files = (
				8CCB573B1ECB17CE00B06FA9 /* UserNotifications.framework in Frameworks */,
				8C363B871EB7AE8B007729F8 /* CoreData.framework in Frameworks */,
			);
			runOnlyForDeploymentPostprocessing = 0;
		};
/* End PBXFrameworksBuildPhase section */

/* Begin PBXGroup section */
		8C363AE81EB3510F007729F8 = {
			isa = PBXGroup;
			children = (
				8C363AF31EB3510F007729F8 /* PomodoroTech */,
				8C363AF21EB3510F007729F8 /* Products */,
				8C363B191EB68640007729F8 /* Frameworks */,
			);
			sourceTree = "<group>";
		};
		8C363AF21EB3510F007729F8 /* Products */ = {
			isa = PBXGroup;
			children = (
				8C363AF11EB3510F007729F8 /* PomodoroTech.app */,
			);
			name = Products;
			sourceTree = "<group>";
		};
		8C363AF31EB3510F007729F8 /* PomodoroTech */ = {
			isa = PBXGroup;
			children = (
				8C363B681EB72C8D007729F8 /* CoreData */,
				8CAE97AE1EC791A2009369E1 /* Controllers */,
				8C363B141EB367A0007729F8 /* Model */,
				8C363B181EB64958007729F8 /* View */,
				8CC1B5851EE9349500FB4175 /* Storyboard */,
				8CC1B5841EE9344200FB4175 /* Application */,
			);
			path = PomodoroTech;
			sourceTree = "<group>";
		};
		8C363B141EB367A0007729F8 /* Model */ = {
			isa = PBXGroup;
			children = (
				8CA751861EEDCFF7002D6EFD /* HTTPCommunication.h */,
				8CA751871EEDCFF7002D6EFD /* HTTPCommunication.m */,
				8CFC03B01EF15D7B00663999 /* Coordinator.h */,
				8CFC03B11EF15D7B00663999 /* Coordinator.m */,
				8C1556911EEDB21E000A12B3 /* CoreData.h */,
				8C1556921EEDB21E000A12B3 /* CoreData.m */,
				8C448D511EEDCBC70034E2B5 /* Loader.h */,
				8C448D521EEDCBC70034E2B5 /* Loader.m */,
				8C1556961EEDB399000A12B3 /* TasksDataManager.h */,
				8C1556971EEDB399000A12B3 /* TasksDataManager.m */,
				8C641F601EFAA83700876B68 /* TasksDMDelegate.h */,
			);
			name = Model;
			sourceTree = "<group>";
		};
		8C363B181EB64958007729F8 /* View */ = {
			isa = PBXGroup;
			children = (
				8CA751831EEDCFE4002D6EFD /* TasksViewCell.h */,
				8CA751841EEDCFE4002D6EFD /* TasksViewCell.m */,
			);
			name = View;
			sourceTree = "<group>";
		};
		8C363B191EB68640007729F8 /* Frameworks */ = {
			isa = PBXGroup;
			children = (
				8CCB573A1ECB17CE00B06FA9 /* UserNotifications.framework */,
				8C363B1A1EB68640007729F8 /* CoreData.framework */,
			);
			name = Frameworks;
			sourceTree = "<group>";
		};
		8C363B681EB72C8D007729F8 /* CoreData */ = {
			isa = PBXGroup;
			children = (
				8C363B001EB3510F007729F8 /* PomodoroTech.xcdatamodeld */,
			);
			name = CoreData;
			sourceTree = "<group>";
		};
		8CAE97AE1EC791A2009369E1 /* Controllers */ = {
			isa = PBXGroup;
			children = (
				8C15569D1EEDB495000A12B3 /* AddTaskViewController.h */,
				8C15569E1EEDB495000A12B3 /* AddTaskViewController.m */,
				8C15569F1EEDB495000A12B3 /* TasksViewController.h */,
				8C1556A01EEDB495000A12B3 /* TasksViewController.m */,
				8C1556A11EEDB495000A12B3 /* TimerViewController.h */,
				8C1556A21EEDB495000A12B3 /* TimerViewController.m */,
				8C1556A31EEDB495000A12B3 /* ViewController.h */,
				8C1556A41EEDB495000A12B3 /* ViewController.m */,
			);
			name = Controllers;
			sourceTree = "<group>";
		};
		8CC1B5841EE9344200FB4175 /* Application */ = {
			isa = PBXGroup;
			children = (
				8C363AF71EB3510F007729F8 /* AppDelegate.h */,
				8C363AF81EB3510F007729F8 /* AppDelegate.m */,
				8C363B031EB3510F007729F8 /* Assets.xcassets */,
				8C363B081EB3510F007729F8 /* Info.plist */,
				8C363AF51EB3510F007729F8 /* main.m */,
			);
			name = Application;
			sourceTree = "<group>";
		};
		8CC1B5851EE9349500FB4175 /* Storyboard */ = {
			isa = PBXGroup;
			children = (
				8C363AFD1EB3510F007729F8 /* Main.storyboard */,
				8C363B051EB3510F007729F8 /* LaunchScreen.storyboard */,
			);
			name = Storyboard;
			sourceTree = "<group>";
		};
/* End PBXGroup section */

/* Begin PBXNativeTarget section */
		8C363AF01EB3510F007729F8 /* PomodoroTech */ = {
			isa = PBXNativeTarget;
			buildConfigurationList = 8C363B0B1EB3510F007729F8 /* Build configuration list for PBXNativeTarget "PomodoroTech" */;
			buildPhases = (
				8C363AED1EB3510F007729F8 /* Sources */,
				8C363AEE1EB3510F007729F8 /* Frameworks */,
				8C363AEF1EB3510F007729F8 /* Resources */,
			);
			buildRules = (
			);
			dependencies = (
			);
			name = PomodoroTech;
			productName = PomodoroTech;
			productReference = 8C363AF11EB3510F007729F8 /* PomodoroTech.app */;
			productType = "com.apple.product-type.application";
		};
/* End PBXNativeTarget section */

/* Begin PBXProject section */
		8C363AE91EB3510F007729F8 /* Project object */ = {
			isa = PBXProject;
			attributes = {
				LastUpgradeCheck = 0830;
				ORGANIZATIONNAME = Kronan;
				TargetAttributes = {
					8C363AF01EB3510F007729F8 = {
						CreatedOnToolsVersion = 8.3.2;
						ProvisioningStyle = Automatic;
					};
				};
			};
			buildConfigurationList = 8C363AEC1EB3510F007729F8 /* Build configuration list for PBXProject "PomodoroTech" */;
			compatibilityVersion = "Xcode 8.0";
			developmentRegion = English;
			hasScannedForEncodings = 0;
			knownRegions = (
				en,
				Base,
			);
			mainGroup = 8C363AE81EB3510F007729F8;
			productRefGroup = 8C363AF21EB3510F007729F8 /* Products */;
			projectDirPath = "";
			projectRoot = "";
			targets = (
				8C363AF01EB3510F007729F8 /* PomodoroTech */,
			);
		};
/* End PBXProject section */

/* Begin PBXResourcesBuildPhase section */
		8C363AEF1EB3510F007729F8 /* Resources */ = {
			isa = PBXResourcesBuildPhase;
			buildActionMask = 2147483647;
			files = (
				8C363B071EB3510F007729F8 /* LaunchScreen.storyboard in Resources */,
				8C363B041EB3510F007729F8 /* Assets.xcassets in Resources */,
				8C363AFF1EB3510F007729F8 /* Main.storyboard in Resources */,
			);
			runOnlyForDeploymentPostprocessing = 0;
		};
/* End PBXResourcesBuildPhase section */

/* Begin PBXSourcesBuildPhase section */
		8C363AED1EB3510F007729F8 /* Sources */ = {
			isa = PBXSourcesBuildPhase;
			buildActionMask = 2147483647;
			files = (
				8C1556A71EEDB495000A12B3 /* TimerViewController.m in Sources */,
				8C448D531EEDCBC70034E2B5 /* Loader.m in Sources */,
				8CFC03B21EF15D7B00663999 /* Coordinator.m in Sources */,
				8C363B021EB3510F007729F8 /* PomodoroTech.xcdatamodeld in Sources */,
				8C1556A61EEDB495000A12B3 /* TasksViewController.m in Sources */,
				8C1556931EEDB21E000A12B3 /* CoreData.m in Sources */,
				8C1556A81EEDB495000A12B3 /* ViewController.m in Sources */,
				8C1556A51EEDB495000A12B3 /* AddTaskViewController.m in Sources */,
				8CA751851EEDCFE4002D6EFD /* TasksViewCell.m in Sources */,
				8C1556991EEDB399000A12B3 /* TasksDataManager.m in Sources */,
				8CA751881EEDCFF7002D6EFD /* HTTPCommunication.m in Sources */,
				8C363AF91EB3510F007729F8 /* AppDelegate.m in Sources */,
				8C363AF61EB3510F007729F8 /* main.m in Sources */,
			);
			runOnlyForDeploymentPostprocessing = 0;
		};
/* End PBXSourcesBuildPhase section */

/* Begin PBXVariantGroup section */
		8C363AFD1EB3510F007729F8 /* Main.storyboard */ = {
			isa = PBXVariantGroup;
			children = (
				8C363AFE1EB3510F007729F8 /* Base */,
			);
			name = Main.storyboard;
			sourceTree = "<group>";
		};
		8C363B051EB3510F007729F8 /* LaunchScreen.storyboard */ = {
			isa = PBXVariantGroup;
			children = (
				8C363B061EB3510F007729F8 /* Base */,
			);
			name = LaunchScreen.storyboard;
			sourceTree = "<group>";
		};
/* End PBXVariantGroup section */

/* Begin XCBuildConfiguration section */
		8C363B091EB3510F007729F8 /* Debug */ = {
			isa = XCBuildConfiguration;
			buildSettings = {
				ALWAYS_SEARCH_USER_PATHS = NO;
				CLANG_ANALYZER_NONNULL = YES;
				CLANG_ANALYZER_NUMBER_OBJECT_CONVERSION = YES_AGGRESSIVE;
				CLANG_CXX_LANGUAGE_STANDARD = "gnu++0x";
				CLANG_CXX_LIBRARY = "libc++";
				CLANG_ENABLE_MODULES = YES;
				CLANG_ENABLE_OBJC_ARC = YES;
				CLANG_WARN_BOOL_CONVERSION = YES;
				CLANG_WARN_CONSTANT_CONVERSION = YES;
				CLANG_WARN_DIRECT_OBJC_ISA_USAGE = YES_ERROR;
				CLANG_WARN_DOCUMENTATION_COMMENTS = YES;
				CLANG_WARN_EMPTY_BODY = YES;
				CLANG_WARN_ENUM_CONVERSION = YES;
				CLANG_WARN_INFINITE_RECURSION = YES;
				CLANG_WARN_INT_CONVERSION = YES;
				CLANG_WARN_OBJC_ROOT_CLASS = YES_ERROR;
				CLANG_WARN_SUSPICIOUS_MOVE = YES;
				CLANG_WARN_UNREACHABLE_CODE = YES;
				CLANG_WARN__DUPLICATE_METHOD_MATCH = YES;
				"CODE_SIGN_IDENTITY[sdk=iphoneos*]" = "iPhone Developer";
				COPY_PHASE_STRIP = NO;
				DEBUG_INFORMATION_FORMAT = dwarf;
				ENABLE_STRICT_OBJC_MSGSEND = YES;
				ENABLE_TESTABILITY = YES;
				GCC_C_LANGUAGE_STANDARD = gnu99;
				GCC_DYNAMIC_NO_PIC = NO;
				GCC_NO_COMMON_BLOCKS = YES;
				GCC_OPTIMIZATION_LEVEL = 0;
				GCC_PREPROCESSOR_DEFINITIONS = (
					"DEBUG=1",
					"$(inherited)",
				);
				GCC_WARN_64_TO_32_BIT_CONVERSION = YES;
				GCC_WARN_ABOUT_RETURN_TYPE = YES_ERROR;
				GCC_WARN_UNDECLARED_SELECTOR = YES;
				GCC_WARN_UNINITIALIZED_AUTOS = YES_AGGRESSIVE;
				GCC_WARN_UNUSED_FUNCTION = YES;
				GCC_WARN_UNUSED_VARIABLE = YES;
				IPHONEOS_DEPLOYMENT_TARGET = 10.3;
				MTL_ENABLE_DEBUG_INFO = YES;
				ONLY_ACTIVE_ARCH = YES;
				SDKROOT = iphoneos;
			};
			name = Debug;
		};
		8C363B0A1EB3510F007729F8 /* Release */ = {
			isa = XCBuildConfiguration;
			buildSettings = {
				ALWAYS_SEARCH_USER_PATHS = NO;
				CLANG_ANALYZER_NONNULL = YES;
				CLANG_ANALYZER_NUMBER_OBJECT_CONVERSION = YES_AGGRESSIVE;
				CLANG_CXX_LANGUAGE_STANDARD = "gnu++0x";
				CLANG_CXX_LIBRARY = "libc++";
				CLANG_ENABLE_MODULES = YES;
				CLANG_ENABLE_OBJC_ARC = YES;
				CLANG_WARN_BOOL_CONVERSION = YES;
				CLANG_WARN_CONSTANT_CONVERSION = YES;
				CLANG_WARN_DIRECT_OBJC_ISA_USAGE = YES_ERROR;
				CLANG_WARN_DOCUMENTATION_COMMENTS = YES;
				CLANG_WARN_EMPTY_BODY = YES;
				CLANG_WARN_ENUM_CONVERSION = YES;
				CLANG_WARN_INFINITE_RECURSION = YES;
				CLANG_WARN_INT_CONVERSION = YES;
				CLANG_WARN_OBJC_ROOT_CLASS = YES_ERROR;
				CLANG_WARN_SUSPICIOUS_MOVE = YES;
				CLANG_WARN_UNREACHABLE_CODE = YES;
				CLANG_WARN__DUPLICATE_METHOD_MATCH = YES;
				"CODE_SIGN_IDENTITY[sdk=iphoneos*]" = "iPhone Developer";
				COPY_PHASE_STRIP = NO;
				DEBUG_INFORMATION_FORMAT = "dwarf-with-dsym";
				ENABLE_NS_ASSERTIONS = NO;
				ENABLE_STRICT_OBJC_MSGSEND = YES;
				GCC_C_LANGUAGE_STANDARD = gnu99;
				GCC_NO_COMMON_BLOCKS = YES;
				GCC_WARN_64_TO_32_BIT_CONVERSION = YES;
				GCC_WARN_ABOUT_RETURN_TYPE = YES_ERROR;
				GCC_WARN_UNDECLARED_SELECTOR = YES;
				GCC_WARN_UNINITIALIZED_AUTOS = YES_AGGRESSIVE;
				GCC_WARN_UNUSED_FUNCTION = YES;
				GCC_WARN_UNUSED_VARIABLE = YES;
				IPHONEOS_DEPLOYMENT_TARGET = 10.3;
				MTL_ENABLE_DEBUG_INFO = NO;
				SDKROOT = iphoneos;
				VALIDATE_PRODUCT = YES;
			};
			name = Release;
		};
		8C363B0C1EB3510F007729F8 /* Debug */ = {
			isa = XCBuildConfiguration;
			buildSettings = {
				ASSETCATALOG_COMPILER_APPICON_NAME = AppIcon;
				INFOPLIST_FILE = PomodoroTech/Info.plist;
				LD_RUNPATH_SEARCH_PATHS = "$(inherited) @executable_path/Frameworks";
				PRODUCT_BUNDLE_IDENTIFIER = Gr.PomodoroTech;
				PRODUCT_NAME = "$(TARGET_NAME)";
			};
			name = Debug;
		};
		8C363B0D1EB3510F007729F8 /* Release */ = {
			isa = XCBuildConfiguration;
			buildSettings = {
				ASSETCATALOG_COMPILER_APPICON_NAME = AppIcon;
				INFOPLIST_FILE = PomodoroTech/Info.plist;
				LD_RUNPATH_SEARCH_PATHS = "$(inherited) @executable_path/Frameworks";
				PRODUCT_BUNDLE_IDENTIFIER = Gr.PomodoroTech;
				PRODUCT_NAME = "$(TARGET_NAME)";
			};
			name = Release;
		};
/* End XCBuildConfiguration section */

/* Begin XCConfigurationList section */
		8C363AEC1EB3510F007729F8 /* Build configuration list for PBXProject "PomodoroTech" */ = {
			isa = XCConfigurationList;
			buildConfigurations = (
				8C363B091EB3510F007729F8 /* Debug */,
				8C363B0A1EB3510F007729F8 /* Release */,
			);
			defaultConfigurationIsVisible = 0;
			defaultConfigurationName = Release;
		};
		8C363B0B1EB3510F007729F8 /* Build configuration list for PBXNativeTarget "PomodoroTech" */ = {
			isa = XCConfigurationList;
			buildConfigurations = (
				8C363B0C1EB3510F007729F8 /* Debug */,
				8C363B0D1EB3510F007729F8 /* Release */,
			);
			defaultConfigurationIsVisible = 0;
			defaultConfigurationName = Release;
		};
/* End XCConfigurationList section */

/* Begin XCVersionGroup section */
		8C363B001EB3510F007729F8 /* PomodoroTech.xcdatamodeld */ = {
			isa = XCVersionGroup;
			children = (
				8C363B011EB3510F007729F8 /* PomodoroTech.xcdatamodel */,
			);
			currentVersion = 8C363B011EB3510F007729F8 /* PomodoroTech.xcdatamodel */;
			path = PomodoroTech.xcdatamodeld;
			sourceTree = "<group>";
			versionGroupType = wrapper.xcdatamodel;
		};
/* End XCVersionGroup section */
	};
	rootObject = 8C363AE91EB3510F007729F8 /* Project object */;
}
